
Microsoft Visual Studio Solution File, Format Version 12.00
# Visual Studio 15
VisualStudioVersion = 15.0.28307.852
MinimumVisualStudioVersion = 10.0.40219.1
Project("{FAE04EC0-301F-11D3-BF4B-00C04F79EFBC}") = "FileSystem.Library", "FileSystem.Library\FileSystem.Library.csproj", "{FD4B28B3-7F2E-41E2-9163-C6525494E828}"
EndProject
Project("{FAE04EC0-301F-11D3-BF4B-00C04F79EFBC}") = "FileSystem.Tests", "FileSystem.Tests\FileSystem.Tests.csproj", "{7CD5B6C2-3CC6-4D9E-A628-78FE1FE66A0D}"
EndProject
Global
	GlobalSection(SolutionConfigurationPlatforms) = preSolution
		Debug|Any CPU = Debug|Any CPU
		Release|Any CPU = Release|Any CPU
	EndGlobalSection
	GlobalSection(ProjectConfigurationPlatforms) = postSolution
		{FD4B28B3-7F2E-41E2-9163-C6525494E828}.Debug|Any CPU.ActiveCfg = Debug|Any CPU
		{FD4B28B3-7F2E-41E2-9163-C6525494E828}.Debug|Any CPU.Build.0 = Debug|Any CPU
		{FD4B28B3-7F2E-41E2-9163-C6525494E828}.Release|Any CPU.ActiveCfg = Release|Any CPU
		{FD4B28B3-7F2E-41E2-9163-C6525494E828}.Release|Any CPU.Build.0 = Release|Any CPU
		{7CD5B6C2-3CC6-4D9E-A628-78FE1FE66A0D}.Debug|Any CPU.ActiveCfg = Debug|Any CPU
		{7CD5B6C2-3CC6-4D9E-A628-78FE1FE66A0D}.Debug|Any CPU.Build.0 = Debug|Any CPU
		{7CD5B6C2-3CC6-4D9E-A628-78FE1FE66A0D}.Release|Any CPU.ActiveCfg = Release|Any CPU
		{7CD5B6C2-3CC6-4D9E-A628-78FE1FE66A0D}.Release|Any CPU.Build.0 = Release|Any CPU
	EndGlobalSection
	GlobalSection(SolutionProperties) = preSolution
		HideSolutionNode = FALSE
	EndGlobalSection
	GlobalSection(ExtensibilityGlobals) = postSolution
		SolutionGuid = {8586CD47-0958-41BC-B48A-3B779338139F}
	EndGlobalSection
EndGlobal
